
Microsoft Visual Studio Solution File, Format Version 12.00
# Visual Studio Version 16
VisualStudioVersion = 16.0.29418.71
MinimumVisualStudioVersion = 10.0.40219.1
Project("{9A19103F-16F7-4668-BE54-9A1E7A4F7556}") = "Calc", "Calc\Calc.csproj", "{4FAFFD62-E34C-4FE3-B157-2921F8A95F4F}"
EndProject
Project("{FAE04EC0-301F-11D3-BF4B-00C04F79EFBC}") = "Strings", "Strings\Strings.csproj", "{757E21B7-37CC-48F3-828D-820CA0030BD1}"
EndProject
Global
	GlobalSection(SolutionConfigurationPlatforms) = preSolution
		Debug|Any CPU = Debug|Any CPU
		Release|Any CPU = Release|Any CPU
	EndGlobalSection
	GlobalSection(ProjectConfigurationPlatforms) = postSolution
		{4FAFFD62-E34C-4FE3-B157-2921F8A95F4F}.Debug|Any CPU.ActiveCfg = Debug|Any CPU
		{4FAFFD62-E34C-4FE3-B157-2921F8A95F4F}.Debug|Any CPU.Build.0 = Debug|Any CPU
		{4FAFFD62-E34C-4FE3-B157-2921F8A95F4F}.Release|Any CPU.ActiveCfg = Release|Any CPU
		{4FAFFD62-E34C-4FE3-B157-2921F8A95F4F}.Release|Any CPU.Build.0 = Release|Any CPU
		{757E21B7-37CC-48F3-828D-820CA0030BD1}.Debug|Any CPU.ActiveCfg = Debug|Any CPU
		{757E21B7-37CC-48F3-828D-820CA0030BD1}.Debug|Any CPU.Build.0 = Debug|Any CPU
		{757E21B7-37CC-48F3-828D-820CA0030BD1}.Release|Any CPU.ActiveCfg = Release|Any CPU
		{757E21B7-37CC-48F3-828D-820CA0030BD1}.Release|Any CPU.Build.0 = Release|Any CPU
	EndGlobalSection
	GlobalSection(SolutionProperties) = preSolution
		HideSolutionNode = FALSE
	EndGlobalSection
	GlobalSection(ExtensibilityGlobals) = postSolution
		SolutionGuid = {4A2EEA68-D162-4888-A61E-C22C306848B7}
	EndGlobalSection
EndGlobal
